
Microsoft Visual Studio Solution File, Format Version 12.00
# Visual Studio Version 17
VisualStudioVersion = 17.9.34728.123
MinimumVisualStudioVersion = 10.0.40219.1
Project("{FAE04EC0-301F-11D3-BF4B-00C04F79EFBC}") = "UniversityLibraryFormsCSQL", "UniversityLibraryFormsCSQL\UniversityLibraryFormsCSQL.csproj", "{18B0E903-FC45-484D-8D57-E2617B7B2134}"
EndProject
Global
	GlobalSection(SolutionConfigurationPlatforms) = preSolution
		Debug|Any CPU = Debug|Any CPU
		Release|Any CPU = Release|Any CPU
	EndGlobalSection
	GlobalSection(ProjectConfigurationPlatforms) = postSolution
		{18B0E903-FC45-484D-8D57-E2617B7B2134}.Debug|Any CPU.ActiveCfg = Debug|Any CPU
		{18B0E903-FC45-484D-8D57-E2617B7B2134}.Debug|Any CPU.Build.0 = Debug|Any CPU
		{18B0E903-FC45-484D-8D57-E2617B7B2134}.Release|Any CPU.ActiveCfg = Release|Any CPU
		{18B0E903-FC45-484D-8D57-E2617B7B2134}.Release|Any CPU.Build.0 = Release|Any CPU
	EndGlobalSection
	GlobalSection(SolutionProperties) = preSolution
		HideSolutionNode = FALSE
	EndGlobalSection
	GlobalSection(ExtensibilityGlobals) = postSolution
		SolutionGuid = {755F7D21-9A4A-4039-8895-9E44670CDAA6}
	EndGlobalSection
EndGlobal
